// !$*UTF8*$!
{
	archiveVersion = 1;
	classes = {
	};
	objectVersion = 46;
	objects = {

/* Begin PBXBuildFile section */
		205259801A614EEB00ADCF1F /* AppDelegate.swift in Sources */ = {isa = PBXBuildFile; fileRef = 2052597F1A614EEB00ADCF1F /* AppDelegate.swift */; };
		205259821A614EEB00ADCF1F /* ViewController.swift in Sources */ = {isa = PBXBuildFile; fileRef = 205259811A614EEB00ADCF1F /* ViewController.swift */; };
		205259851A614EEB00ADCF1F /* Main.storyboard in Resources */ = {isa = PBXBuildFile; fileRef = 205259831A614EEB00ADCF1F /* Main.storyboard */; };
		205259871A614EEB00ADCF1F /* Images.xcassets in Resources */ = {isa = PBXBuildFile; fileRef = 205259861A614EEB00ADCF1F /* Images.xcassets */; };
		2052598A1A614EEB00ADCF1F /* LaunchScreen.xib in Resources */ = {isa = PBXBuildFile; fileRef = 205259881A614EEB00ADCF1F /* LaunchScreen.xib */; };
		205259961A614EEB00ADCF1F /* PostcardTests.swift in Sources */ = {isa = PBXBuildFile; fileRef = 205259951A614EEB00ADCF1F /* PostcardTests.swift */; };
		205259A21A6154FA00ADCF1F /* SagradaFamilia.jpeg in Resources */ = {isa = PBXBuildFile; fileRef = 205259A11A6154FA00ADCF1F /* SagradaFamilia.jpeg */; };
		205259A41A6157DE00ADCF1F /* AlbertEinsteinStamp.jpg in Resources */ = {isa = PBXBuildFile; fileRef = 205259A31A6157DE00ADCF1F /* AlbertEinsteinStamp.jpg */; };
/* End PBXBuildFile section */

/* Begin PBXContainerItemProxy section */
		205259901A614EEB00ADCF1F /* PBXContainerItemProxy */ = {
			isa = PBXContainerItemProxy;
			containerPortal = 205259721A614EEB00ADCF1F /* Project object */;
			proxyType = 1;
			remoteGlobalIDString = 205259791A614EEB00ADCF1F;
			remoteInfo = Postcard;
		};
/* End PBXContainerItemProxy section */

/* Begin PBXFileReference section */
		2052597A1A614EEB00ADCF1F /* Postcard.app */ = {isa = PBXFileReference; explicitFileType = wrapper.application; includeInIndex = 0; path = Postcard.app; sourceTree = BUILT_PRODUCTS_DIR; };
		2052597E1A614EEB00ADCF1F /* Info.plist */ = {isa = PBXFileReference; lastKnownFileType = text.plist.xml; path = Info.plist; sourceTree = "<group>"; };
		2052597F1A614EEB00ADCF1F /* AppDelegate.swift */ = {isa = PBXFileReference; lastKnownFileType = sourcecode.swift; path = AppDelegate.swift; sourceTree = "<group>"; };
		205259811A614EEB00ADCF1F /* ViewController.swift */ = {isa = PBXFileReference; lastKnownFileType = sourcecode.swift; path = ViewController.swift; sourceTree = "<group>"; };
		205259841A614EEB00ADCF1F /* Base */ = {isa = PBXFileReference; lastKnownFileType = file.storyboard; name = Base; path = Base.lproj/Main.storyboard; sourceTree = "<group>"; };
		205259861A614EEB00ADCF1F /* Images.xcassets */ = {isa = PBXFileReference; lastKnownFileType = folder.assetcatalog; path = Images.xcassets; sourceTree = "<group>"; };
		205259891A614EEB00ADCF1F /* Base */ = {isa = PBXFileReference; lastKnownFileType = file.xib; name = Base; path = Base.lproj/LaunchScreen.xib; sourceTree = "<group>"; };
		2052598F1A614EEB00ADCF1F /* PostcardTests.xctest */ = {isa = PBXFileReference; explicitFileType = wrapper.cfbundle; includeInIndex = 0; path = PostcardTests.xctest; sourceTree = BUILT_PRODUCTS_DIR; };
		205259941A614EEB00ADCF1F /* Info.plist */ = {isa = PBXFileReference; lastKnownFileType = text.plist.xml; path = Info.plist; sourceTree = "<group>"; };
		205259951A614EEB00ADCF1F /* PostcardTests.swift */ = {isa = PBXFileReference; lastKnownFileType = sourcecode.swift; path = PostcardTests.swift; sourceTree = "<group>"; };
		205259A11A6154FA00ADCF1F /* SagradaFamilia.jpeg */ = {isa = PBXFileReference; lastKnownFileType = image.jpeg; path = SagradaFamilia.jpeg; sourceTree = "<group>"; };
		205259A31A6157DE00ADCF1F /* AlbertEinsteinStamp.jpg */ = {isa = PBXFileReference; lastKnownFileType = image.jpeg; path = AlbertEinsteinStamp.jpg; sourceTree = "<group>"; };
/* End PBXFileReference section */

/* Begin PBXFrameworksBuildPhase section */
		205259771A614EEB00ADCF1F /* Frameworks */ = {
			isa = PBXFrameworksBuildPhase;
			buildActionMask = 2147483647;
			files = (
			);
			runOnlyForDeploymentPostprocessing = 0;
		};
		2052598C1A614EEB00ADCF1F /* Frameworks */ = {
			isa = PBXFrameworksBuildPhase;
			buildActionMask = 2147483647;
			files = (
			);
			runOnlyForDeploymentPostprocessing = 0;
		};
/* End PBXFrameworksBuildPhase section */

/* Begin PBXGroup section */
		205259711A614EEB00ADCF1F = {
			isa = PBXGroup;
			children = (
				2052597C1A614EEB00ADCF1F /* Postcard */,
				205259921A614EEB00ADCF1F /* PostcardTests */,
				2052597B1A614EEB00ADCF1F /* Products */,
			);
			sourceTree = "<group>";
		};
		2052597B1A614EEB00ADCF1F /* Products */ = {
			isa = PBXGroup;
			children = (
				2052597A1A614EEB00ADCF1F /* Postcard.app */,
				2052598F1A614EEB00ADCF1F /* PostcardTests.xctest */,
			);
			name = Products;
			sourceTree = "<group>";
		};
		2052597C1A614EEB00ADCF1F /* Postcard */ = {
			isa = PBXGroup;
			children = (
				2052597F1A614EEB00ADCF1F /* AppDelegate.swift */,
				205259811A614EEB00ADCF1F /* ViewController.swift */,
				205259831A614EEB00ADCF1F /* Main.storyboard */,
				205259861A614EEB00ADCF1F /* Images.xcassets */,
				205259881A614EEB00ADCF1F /* LaunchScreen.xib */,
				2052597D1A614EEB00ADCF1F /* Supporting Files */,
			);
			path = Postcard;
			sourceTree = "<group>";
		};
		2052597D1A614EEB00ADCF1F /* Supporting Files */ = {
			isa = PBXGroup;
			children = (
				205259A31A6157DE00ADCF1F /* AlbertEinsteinStamp.jpg */,
				205259A11A6154FA00ADCF1F /* SagradaFamilia.jpeg */,
				2052597E1A614EEB00ADCF1F /* Info.plist */,
			);
			name = "Supporting Files";
			sourceTree = "<group>";
		};
		205259921A614EEB00ADCF1F /* PostcardTests */ = {
			isa = PBXGroup;
			children = (
				205259951A614EEB00ADCF1F /* PostcardTests.swift */,
				205259931A614EEB00ADCF1F /* Supporting Files */,
			);
			path = PostcardTests;
			sourceTree = "<group>";
		};
		205259931A614EEB00ADCF1F /* Supporting Files */ = {
			isa = PBXGroup;
			children = (
				205259941A614EEB00ADCF1F /* Info.plist */,
			);
			name = "Supporting Files";
			sourceTree = "<group>";
		};
/* End PBXGroup section */

/* Begin PBXNativeTarget section */
		205259791A614EEB00ADCF1F /* Postcard */ = {
			isa = PBXNativeTarget;
			buildConfigurationList = 205259991A614EEB00ADCF1F /* Build configuration list for PBXNativeTarget "Postcard" */;
			buildPhases = (
				205259761A614EEB00ADCF1F /* Sources */,
				205259771A614EEB00ADCF1F /* Frameworks */,
				205259781A614EEB00ADCF1F /* Resources */,
			);
			buildRules = (
			);
			dependencies = (
			);
			name = Postcard;
			productName = Postcard;
			productReference = 2052597A1A614EEB00ADCF1F /* Postcard.app */;
			productType = "com.apple.product-type.application";
		};
		2052598E1A614EEB00ADCF1F /* PostcardTests */ = {
			isa = PBXNativeTarget;
			buildConfigurationList = 2052599C1A614EEB00ADCF1F /* Build configuration list for PBXNativeTarget "PostcardTests" */;
			buildPhases = (
				2052598B1A614EEB00ADCF1F /* Sources */,
				2052598C1A614EEB00ADCF1F /* Frameworks */,
				2052598D1A614EEB00ADCF1F /* Resources */,
			);
			buildRules = (
			);
			dependencies = (
				205259911A614EEB00ADCF1F /* PBXTargetDependency */,
			);
			name = PostcardTests;
			productName = PostcardTests;
			productReference = 2052598F1A614EEB00ADCF1F /* PostcardTests.xctest */;
			productType = "com.apple.product-type.bundle.unit-test";
		};
/* End PBXNativeTarget section */

/* Begin PBXProject section */
		205259721A614EEB00ADCF1F /* Project object */ = {
			isa = PBXProject;
			attributes = {
				LastUpgradeCheck = 0610;
				ORGANIZATIONNAME = "Nyle Parkinson";
				TargetAttributes = {
					205259791A614EEB00ADCF1F = {
						CreatedOnToolsVersion = 6.1.1;
					};
					2052598E1A614EEB00ADCF1F = {
						CreatedOnToolsVersion = 6.1.1;
						TestTargetID = 205259791A614EEB00ADCF1F;
					};
				};
			};
			buildConfigurationList = 205259751A614EEB00ADCF1F /* Build configuration list for PBXProject "Postcard" */;
			compatibilityVersion = "Xcode 3.2";
			developmentRegion = English;
			hasScannedForEncodings = 0;
			knownRegions = (
				en,
				Base,
			);
			mainGroup = 205259711A614EEB00ADCF1F;
			productRefGroup = 2052597B1A614EEB00ADCF1F /* Products */;
			projectDirPath = "";
			projectRoot = "";
			targets = (
				205259791A614EEB00ADCF1F /* Postcard */,
				2052598E1A614EEB00ADCF1F /* PostcardTests */,
			);
		};
/* End PBXProject section */

/* Begin PBXResourcesBuildPhase section */
		205259781A614EEB00ADCF1F /* Resources */ = {
			isa = PBXResourcesBuildPhase;
			buildActionMask = 2147483647;
			files = (
				205259851A614EEB00ADCF1F /* Main.storyboard in Resources */,
				205259A21A6154FA00ADCF1F /* SagradaFamilia.jpeg in Resources */,
				205259A41A6157DE00ADCF1F /* AlbertEinsteinStamp.jpg in Resources */,
				2052598A1A614EEB00ADCF1F /* LaunchScreen.xib in Resources */,
				205259871A614EEB00ADCF1F /* Images.xcassets in Resources */,
			);
			runOnlyForDeploymentPostprocessing = 0;
		};
		2052598D1A614EEB00ADCF1F /* Resources */ = {
			isa = PBXResourcesBuildPhase;
			buildActionMask = 2147483647;
			files = (
			);
			runOnlyForDeploymentPostprocessing = 0;
		};
/* End PBXResourcesBuildPhase section */

/* Begin PBXSourcesBuildPhase section */
		205259761A614EEB00ADCF1F /* Sources */ = {
			isa = PBXSourcesBuildPhase;
			buildActionMask = 2147483647;
			files = (
				205259821A614EEB00ADCF1F /* ViewController.swift in Sources */,
				205259801A614EEB00ADCF1F /* AppDelegate.swift in Sources */,
			);
			runOnlyForDeploymentPostprocessing = 0;
		};
		2052598B1A614EEB00ADCF1F /* Sources */ = {
			isa = PBXSourcesBuildPhase;
			buildActionMask = 2147483647;
			files = (
				205259961A614EEB00ADCF1F /* PostcardTests.swift in Sources */,
			);
			runOnlyForDeploymentPostprocessing = 0;
		};
/* End PBXSourcesBuildPhase section */

/* Begin PBXTargetDependency section */
		205259911A614EEB00ADCF1F /* PBXTargetDependency */ = {
			isa = PBXTargetDependency;
			target = 205259791A614EEB00ADCF1F /* Postcard */;
			targetProxy = 205259901A614EEB00ADCF1F /* PBXContainerItemProxy */;
		};
/* End PBXTargetDependency section */

/* Begin PBXVariantGroup section */
		205259831A614EEB00ADCF1F /* Main.storyboard */ = {
			isa = PBXVariantGroup;
			children = (
				205259841A614EEB00ADCF1F /* Base */,
			);
			name = Main.storyboard;
			sourceTree = "<group>";
		};
		205259881A614EEB00ADCF1F /* LaunchScreen.xib */ = {
			isa = PBXVariantGroup;
			children = (
				205259891A614EEB00ADCF1F /* Base */,
			);
			name = LaunchScreen.xib;
			sourceTree = "<group>";
		};
/* End PBXVariantGroup section */

/* Begin XCBuildConfiguration section */
		205259971A614EEB00ADCF1F /* Debug */ = {
			isa = XCBuildConfiguration;
			buildSettings = {
				ALWAYS_SEARCH_USER_PATHS = NO;
				CLANG_CXX_LANGUAGE_STANDARD = "gnu++0x";
				CLANG_CXX_LIBRARY = "libc++";
				CLANG_ENABLE_MODULES = YES;
				CLANG_ENABLE_OBJC_ARC = YES;
				CLANG_WARN_BOOL_CONVERSION = YES;
				CLANG_WARN_CONSTANT_CONVERSION = YES;
				CLANG_WARN_DIRECT_OBJC_ISA_USAGE = YES_ERROR;
				CLANG_WARN_EMPTY_BODY = YES;
				CLANG_WARN_ENUM_CONVERSION = YES;
				CLANG_WARN_INT_CONVERSION = YES;
				CLANG_WARN_OBJC_ROOT_CLASS = YES_ERROR;
				CLANG_WARN_UNREACHABLE_CODE = YES;
				CLANG_WARN__DUPLICATE_METHOD_MATCH = YES;
				"CODE_SIGN_IDENTITY[sdk=iphoneos*]" = "iPhone Developer";
				COPY_PHASE_STRIP = NO;
				ENABLE_STRICT_OBJC_MSGSEND = YES;
				GCC_C_LANGUAGE_STANDARD = gnu99;
				GCC_DYNAMIC_NO_PIC = NO;
				GCC_OPTIMIZATION_LEVEL = 0;
				GCC_PREPROCESSOR_DEFINITIONS = (
					"DEBUG=1",
					"$(inherited)",
				);
				GCC_SYMBOLS_PRIVATE_EXTERN = NO;
				GCC_WARN_64_TO_32_BIT_CONVERSION = YES;
				GCC_WARN_ABOUT_RETURN_TYPE = YES_ERROR;
				GCC_WARN_UNDECLARED_SELECTOR = YES;
				GCC_WARN_UNINITIALIZED_AUTOS = YES_AGGRESSIVE;
				GCC_WARN_UNUSED_FUNCTION = YES;
				GCC_WARN_UNUSED_VARIABLE = YES;
				IPHONEOS_DEPLOYMENT_TARGET = 8.1;
				MTL_ENABLE_DEBUG_INFO = YES;
				ONLY_ACTIVE_ARCH = YES;
				SDKROOT = iphoneos;
				SWIFT_OPTIMIZATION_LEVEL = "-Onone";
				TARGETED_DEVICE_FAMILY = "1,2";
			};
			name = Debug;
		};
		205259981A614EEB00ADCF1F /* Release */ = {
			isa = XCBuildConfiguration;
			buildSettings = {
				ALWAYS_SEARCH_USER_PATHS = NO;
				CLANG_CXX_LANGUAGE_STANDARD = "gnu++0x";
				CLANG_CXX_LIBRARY = "libc++";
				CLANG_ENABLE_MODULES = YES;
				CLANG_ENABLE_OBJC_ARC = YES;
				CLANG_WARN_BOOL_CONVERSION = YES;
				CLANG_WARN_CONSTANT_CONVERSION = YES;
				CLANG_WARN_DIRECT_OBJC_ISA_USAGE = YES_ERROR;
				CLANG_WARN_EMPTY_BODY = YES;
				CLANG_WARN_ENUM_CONVERSION = YES;
				CLANG_WARN_INT_CONVERSION = YES;
				CLANG_WARN_OBJC_ROOT_CLASS = YES_ERROR;
				CLANG_WARN_UNREACHABLE_CODE = YES;
				CLANG_WARN__DUPLICATE_METHOD_MATCH = YES;
				"CODE_SIGN_IDENTITY[sdk=iphoneos*]" = "iPhone Developer";
				COPY_PHASE_STRIP = YES;
				ENABLE_NS_ASSERTIONS = NO;
				ENABLE_STRICT_OBJC_MSGSEND = YES;
				GCC_C_LANGUAGE_STANDARD = gnu99;
				GCC_WARN_64_TO_32_BIT_CONVERSION = YES;
				GCC_WARN_ABOUT_RETURN_TYPE = YES_ERROR;
				GCC_WARN_UNDECLARED_SELECTOR = YES;
				GCC_WARN_UNINITIALIZED_AUTOS = YES_AGGRESSIVE;
				GCC_WARN_UNUSED_FUNCTION = YES;
				GCC_WARN_UNUSED_VARIABLE = YES;
				IPHONEOS_DEPLOYMENT_TARGET = 8.1;
				MTL_ENABLE_DEBUG_INFO = NO;
				SDKROOT = iphoneos;
				TARGETED_DEVICE_FAMILY = "1,2";
				VALIDATE_PRODUCT = YES;
			};
			name = Release;
		};
		2052599A1A614EEB00ADCF1F /* Debug */ = {
			isa = XCBuildConfiguration;
			buildSettings = {
				ASSETCATALOG_COMPILER_APPICON_NAME = AppIcon;
				INFOPLIST_FILE = Postcard/Info.plist;
				LD_RUNPATH_SEARCH_PATHS = "$(inherited) @executable_path/Frameworks";
				PRODUCT_NAME = "$(TARGET_NAME)";
			};
			name = Debug;
		};
		2052599B1A614EEB00ADCF1F /* Release */ = {
			isa = XCBuildConfiguration;
			buildSettings = {
				ASSETCATALOG_COMPILER_APPICON_NAME = AppIcon;
				INFOPLIST_FILE = Postcard/Info.plist;
				LD_RUNPATH_SEARCH_PATHS = "$(inherited) @executable_path/Frameworks";
				PRODUCT_NAME = "$(TARGET_NAME)";
			};
			name = Release;
		};
		2052599D1A614EEB00ADCF1F /* Debug */ = {
			isa = XCBuildConfiguration;
			buildSettings = {
				BUNDLE_LOADER = "$(TEST_HOST)";
				FRAMEWORK_SEARCH_PATHS = (
					"$(SDKROOT)/Developer/Library/Frameworks",
					"$(inherited)",
				);
				GCC_PREPROCESSOR_DEFINITIONS = (
					"DEBUG=1",
					"$(inherited)",
				);
				INFOPLIST_FILE = PostcardTests/Info.plist;
				LD_RUNPATH_SEARCH_PATHS = "$(inherited) @executable_path/Frameworks @loader_path/Frameworks";
				PRODUCT_NAME = "$(TARGET_NAME)";
				TEST_HOST = "$(BUILT_PRODUCTS_DIR)/Postcard.app/Postcard";
			};
			name = Debug;
		};
		2052599E1A614EEB00ADCF1F /* Release */ = {
			isa = XCBuildConfiguration;
			buildSettings = {
				BUNDLE_LOADER = "$(TEST_HOST)";
				FRAMEWORK_SEARCH_PATHS = (
					"$(SDKROOT)/Developer/Library/Frameworks",
					"$(inherited)",
				);
				INFOPLIST_FILE = PostcardTests/Info.plist;
				LD_RUNPATH_SEARCH_PATHS = "$(inherited) @executable_path/Frameworks @loader_path/Frameworks";
				PRODUCT_NAME = "$(TARGET_NAME)";
				TEST_HOST = "$(BUILT_PRODUCTS_DIR)/Postcard.app/Postcard";
			};
			name = Release;
		};
/* End XCBuildConfiguration section */

/* Begin XCConfigurationList section */
		205259751A614EEB00ADCF1F /* Build configuration list for PBXProject "Postcard" */ = {
			isa = XCConfigurationList;
			buildConfigurations = (
				205259971A614EEB00ADCF1F /* Debug */,
				205259981A614EEB00ADCF1F /* Release */,
			);
			defaultConfigurationIsVisible = 0;
			defaultConfigurationName = Release;
		};
		205259991A614EEB00ADCF1F /* Build configuration list for PBXNativeTarget "Postcard" */ = {
			isa = XCConfigurationList;
			buildConfigurations = (
				2052599A1A614EEB00ADCF1F /* Debug */,
				2052599B1A614EEB00ADCF1F /* Release */,
			);
			defaultConfigurationIsVisible = 0;
		};
		2052599C1A614EEB00ADCF1F /* Build configuration list for PBXNativeTarget "PostcardTests" */ = {
			isa = XCConfigurationList;
			buildConfigurations = (
				2052599D1A614EEB00ADCF1F /* Debug */,
				2052599E1A614EEB00ADCF1F /* Release */,
			);
			defaultConfigurationIsVisible = 0;
		};
/* End XCConfigurationList section */
	};
	rootObject = 205259721A614EEB00ADCF1F /* Project object */;
}
